<?xml version="1.0" encoding="utf-8"?>
<Project ToolsVersion="4.0" xmlns="http://schemas.microsoft.com/developer/msbuild/2003">
  <ItemGroup>
    <Filter Include="Shaders">
      <UniqueIdentifier>{11f233dc-9673-4378-8779-fc7ef09251c4}</UniqueIdentifier>
    </Filter>
    <Filter Include="APIWrappers">
      <UniqueIdentifier>{5d8c5bd7-f72f-4518-b887-04a7a9682b14}</UniqueIdentifier>
    </Filter>
    <Filter Include="APIWrappers\CommandList">
      <UniqueIdentifier>{52f3628f-f7f3-4c61-8f34-61bd382ba607}</UniqueIdentifier>
    </Filter>
    <Filter Include="APIWrappers\CommandQueue">
      <UniqueIdentifier>{0f7428dc-140c-43f8-b61d-4710260dcfd8}</UniqueIdentifier>
    </Filter>
    <Filter Include="APIWrappers\CommandAllocator">
      <UniqueIdentifier>{8a612f0a-6efe-4351-a07f-3346ced71787}</UniqueIdentifier>
    </Filter>
    <Filter Include="APIWrappers\PipelineState">
      <UniqueIdentifier>{69fe8bd9-751a-4f8b-b137-1aa4b3a2e7f2}</UniqueIdentifier>
    </Filter>
    <Filter Include="WindowManagement">
      <UniqueIdentifier>{4ea99bc8-f384-4962-995e-b15672435e59}</UniqueIdentifier>
    </Filter>
    <Filter Include="APIWrappers\Resources">
      <UniqueIdentifier>{5ccedbfb-0591-4158-85ff-61eb6cb455a5}</UniqueIdentifier>
    </Filter>
    <Filter Include="APIWrappers\Resources\Textures">
      <UniqueIdentifier>{dfb1bce7-b2f3-450a-865f-caebf458bab7}</UniqueIdentifier>
    </Filter>
    <Filter Include="APIWrappers\Resources\Textures\Views">
      <UniqueIdentifier>{0eb995f7-91a4-42da-8e4e-679cbd1f8008}</UniqueIdentifier>
    </Filter>
    <Filter Include="APIWrappers\Resources\Buffers">
      <UniqueIdentifier>{e2583100-a153-471f-8896-648cc2b8320b}</UniqueIdentifier>
    </Filter>
    <Filter Include="APIWrappers\Resources\Buffers\Views">
      <UniqueIdentifier>{3c1f002c-6055-44d5-9684-5b06304b2640}</UniqueIdentifier>
    </Filter>
    <Filter Include="RenderSchedule">
      <UniqueIdentifier>{33859963-dbd5-4365-b113-310c32ffb517}</UniqueIdentifier>
    </Filter>
    <Filter Include="RenderPasses">
      <UniqueIdentifier>{defcdc11-4155-427b-8a7d-3374738ee582}</UniqueIdentifier>
    </Filter>
    <Filter Include="Contexts">
      <UniqueIdentifier>{3d46b776-bbb3-439c-a455-0da48be526d3}</UniqueIdentifier>
    </Filter>
    <Filter Include="Shaders\DebugPass">
      <UniqueIdentifier>{7051b716-cd60-440c-8194-c8efa0f4a6a8}</UniqueIdentifier>
    </Filter>
    <Filter Include="Shaders\Debug3DPass">
      <UniqueIdentifier>{341f5c74-d14b-4416-a6a2-81c2e433e1d2}</UniqueIdentifier>
    </Filter>
    <Filter Include="Shaders\TransparentPass">
      <UniqueIdentifier>{c14b88fe-1e05-4b9f-a501-19546cfaac9e}</UniqueIdentifier>
    </Filter>
    <Filter Include="DebugHelpers">
      <UniqueIdentifier>{5e04dd40-da21-4e54-8f45-94db1b33dd97}</UniqueIdentifier>
    </Filter>
    <Filter Include="Containers">
      <UniqueIdentifier>{068d702c-fdad-4cc4-8618-30154df0e42b}</UniqueIdentifier>
    </Filter>
    <Filter Include="Containers\Streaming">
      <UniqueIdentifier>{94bdee21-606f-434d-b9f2-2dbd5d33a675}</UniqueIdentifier>
    </Filter>
    <Filter Include="Shaders\FullScreen">
      <UniqueIdentifier>{c7f1599d-055d-4044-9d9b-753de0fed418}</UniqueIdentifier>
    </Filter>
    <Filter Include="Shaders\DeferredLightingPass">
      <UniqueIdentifier>{8889e568-91c0-48a5-aac2-103749eed935}</UniqueIdentifier>
    </Filter>
    <Filter Include="Shaders\ToneMappingPass">
      <UniqueIdentifier>{6926a7f8-8f91-4c2f-bc89-f1da541d48ce}</UniqueIdentifier>
    </Filter>
    <Filter Include="Shaders\GBufferPass">
      <UniqueIdentifier>{3475a855-5eae-4f85-9885-54bf4a64b6a2}</UniqueIdentifier>
    </Filter>
    <Filter Include="Shaders\ShadowMapPass">
      <UniqueIdentifier>{5850310d-ac0a-4356-9054-7f4d0097560f}</UniqueIdentifier>
    </Filter>
    <Filter Include="Shaders\MeshShaders">
      <UniqueIdentifier>{2e3e6470-d445-4998-9ec9-8697aca5b8b7}</UniqueIdentifier>
    </Filter>
    <Filter Include="Shaders\DebugMeshPass">
      <UniqueIdentifier>{b17d2e0e-2886-4e2c-ae1a-d2a1fbaa719b}</UniqueIdentifier>
    </Filter>
    <Filter Include="Shaders\SkyBoxPass">
      <UniqueIdentifier>{b267e45c-0583-42cd-a408-c1cc05828b2d}</UniqueIdentifier>
    </Filter>
    <Filter Include="APIWrappers\Raytracing">
      <UniqueIdentifier>{210f1955-947b-40a9-a10e-54318ef239fe}</UniqueIdentifier>
    </Filter>
    <Filter Include="APIWrappers\Raytracing\AccelerationStructure">
      <UniqueIdentifier>{33aea394-d500-4b88-b896-0ded5261e2ad}</UniqueIdentifier>
    </Filter>
    <Filter Include="Shaders\ReflectionPass">
      <UniqueIdentifier>{19a0dbc7-8694-4c79-a5c2-1da1f0cc5f7a}</UniqueIdentifier>
    </Filter>
    <Filter Include="Shaders\LightingLibrary">
      <UniqueIdentifier>{28262d4d-3c2e-4cd3-941a-3c1dedbd2af9}</UniqueIdentifier>
    </Filter>
    <Filter Include="APIWrappers\Queries">
      <UniqueIdentifier>{84c42ea7-72a4-49a0-a159-d98b3405f0c1}</UniqueIdentifier>
    </Filter>
  </ItemGroup>
  <ItemGroup>
    <ClInclude Include="WindowManagement\WindowManager.h">
      <Filter>WindowManagement</Filter>
    </ClInclude>
    <ClInclude Include="APIWrappers\Factory.h">
      <Filter>APIWrappers</Filter>
    </ClInclude>
    <ClInclude Include="APIWrappers\Device.h">
      <Filter>APIWrappers</Filter>
    </ClInclude>
    <ClInclude Include="WindowManagement\WindowState.h">
      <Filter>WindowManagement</Filter>
    </ClInclude>
    <ClInclude Include="FeatureSupportHelper.h">
      <Filter>APIWrappers</Filter>
    </ClInclude>
    <ClInclude Include="APIWrappers\StateManager.h">
      <Filter>APIWrappers</Filter>
    </ClInclude>
    <ClInclude Include="APIWrappers\DescriptorHeap.h">
      <Filter>APIWrappers</Filter>
    </ClInclude>
    <ClInclude Include="APIWrappers\CommandList\CommandList.h">
      <Filter>APIWrappers\CommandList</Filter>
    </ClInclude>
    <ClInclude Include="APIWrappers\CommandList\CopyCommandList.h">
      <Filter>APIWrappers\CommandList</Filter>
    </ClInclude>
    <ClInclude Include="APIWrappers\CommandList\ComputeCommandList.h">
      <Filter>APIWrappers\CommandList</Filter>
    </ClInclude>
    <ClInclude Include="APIWrappers\CommandList\GraphicCommandList.h">
      <Filter>APIWrappers\CommandList</Filter>
    </ClInclude>
    <ClInclude Include="APIWrappers\CommandQueue\CommandQueue.h">
      <Filter>APIWrappers\CommandQueue</Filter>
    </ClInclude>
    <ClInclude Include="APIWrappers\CommandQueue\ComputeQueue.h">
      <Filter>APIWrappers\CommandQueue</Filter>
    </ClInclude>
    <ClInclude Include="APIWrappers\CommandQueue\CopyQueue.h">
      <Filter>APIWrappers\CommandQueue</Filter>
    </ClInclude>
    <ClInclude Include="APIWrappers\CommandQueue\GraphicQueue.h">
      <Filter>APIWrappers\CommandQueue</Filter>
    </ClInclude>
    <ClInclude Include="APIWrappers\CommandAllocator\CopyCommandAllocator.h">
      <Filter>APIWrappers\CommandAllocator</Filter>
    </ClInclude>
    <ClInclude Include="APIWrappers\CommandAllocator\GraphicCommandAllocator.h">
      <Filter>APIWrappers\CommandAllocator</Filter>
    </ClInclude>
    <ClInclude Include="APIWrappers\CommandAllocator\CommandAllocator.h">
      <Filter>APIWrappers\CommandAllocator</Filter>
    </ClInclude>
    <ClInclude Include="APIWrappers\CommandAllocator\ComputeCommandAllocator.h">
      <Filter>APIWrappers\CommandAllocator</Filter>
    </ClInclude>
    <ClInclude Include="APIWrappers\CommandList\CopyCommandListImpl.h">
      <Filter>APIWrappers\CommandList</Filter>
    </ClInclude>
    <ClInclude Include="APIWrappers\CommandList\ComputeCommandListImpl.h">
      <Filter>APIWrappers\CommandList</Filter>
    </ClInclude>
    <ClInclude Include="APIWrappers\CommandList\GraphicCommandListImpl.h">
      <Filter>APIWrappers\CommandList</Filter>
    </ClInclude>
    <ClInclude Include="APIWrappers\RenderDebug.h">
      <Filter>APIWrappers</Filter>
    </ClInclude>
    <ClInclude Include="APIWrappers\PipelineState\PipelineState.h">
      <Filter>APIWrappers\PipelineState</Filter>
    </ClInclude>
    <ClInclude Include="APIWrappers\PipelineState\ComputePipelineState.h">
      <Filter>APIWrappers\PipelineState</Filter>
    </ClInclude>
    <ClInclude Include="APIWrappers\PipelineState\GraphicPipelineState.h">
      <Filter>APIWrappers\PipelineState</Filter>
    </ClInclude>
    <ClInclude Include="WindowManagement\DisplayController.h">
      <Filter>WindowManagement</Filter>
    </ClInclude>
    <ClInclude Include="ProjectConfig.h" />
    <ClInclude Include="ProjectHelpers.h" />
    <ClInclude Include="RenderBackend.h" />
    <ClInclude Include="RenderBackendImpl.h" />
    <ClInclude Include="stdafx.h" />
    <ClInclude Include="RenderPass.h" />
    <ClInclude Include="APIWrappers\Fence.h">
      <Filter>APIWrappers</Filter>
    </ClInclude>
    <ClInclude Include="APIWrappers\InputLayout.h">
      <Filter>APIWrappers</Filter>
    </ClInclude>
    <ClInclude Include="APIWrappers\RootSignature.h">
      <Filter>APIWrappers</Filter>
    </ClInclude>
    <ClInclude Include="APIWrappers\Resources\Textures\Texture.h">
      <Filter>APIWrappers\Resources\Textures</Filter>
    </ClInclude>
    <ClInclude Include="APIWrappers\Resources\Resource.h">
      <Filter>APIWrappers\Resources</Filter>
    </ClInclude>
    <ClInclude Include="APIWrappers\Resources\Textures\Texture2D.h">
      <Filter>APIWrappers\Resources\Textures</Filter>
    </ClInclude>
    <ClInclude Include="APIWrappers\Resources\Textures\Views\RenderTargetView.h">
      <Filter>APIWrappers\Resources\Textures\Views</Filter>
    </ClInclude>
    <ClInclude Include="APIWrappers\Resources\Buffers\Buffer.h">
      <Filter>APIWrappers\Resources\Buffers</Filter>
    </ClInclude>
    <ClInclude Include="APIWrappers\Resources\Buffers\Views\VertexBufferView.h">
      <Filter>APIWrappers\Resources\Buffers\Views</Filter>
    </ClInclude>
    <ClInclude Include="RenderSchedule\RenderSchedule.h">
      <Filter>RenderSchedule</Filter>
    </ClInclude>
    <ClInclude Include="RenderSchedule\ResourceTracker.h">
      <Filter>RenderSchedule</Filter>
    </ClInclude>
    <ClInclude Include="RenderPasses\DebugRenderPass.h">
      <Filter>RenderPasses</Filter>
    </ClInclude>
    <ClInclude Include="RenderPasses\PresentPass.h">
      <Filter>RenderPasses</Filter>
    </ClInclude>
    <ClInclude Include="Contexts\RenderThreadContext.h">
      <Filter>Contexts</Filter>
    </ClInclude>
    <ClInclude Include="Contexts\RenderFrameContext.h">
      <Filter>Contexts</Filter>
    </ClInclude>
    <ClInclude Include="Contexts\RenderEngineContext.h">
      <Filter>Contexts</Filter>
    </ClInclude>
    <ClInclude Include="Contexts\RenderContext.h">
      <Filter>Contexts</Filter>
    </ClInclude>
    <ClInclude Include="APIWrappers\Resources\Buffers\Views\ConstantBufferView.h">
      <Filter>APIWrappers\Resources\Buffers\Views</Filter>
    </ClInclude>
    <ClInclude Include="APIWrappers\Resources\Buffers\Views\IndexBufferView.h">
      <Filter>APIWrappers\Resources\Buffers\Views</Filter>
    </ClInclude>
    <ClInclude Include="RenderPasses\Debug3DRenderPass.h">
      <Filter>RenderPasses</Filter>
    </ClInclude>
    <ClInclude Include="Camera.h" />
    <ClInclude Include="BatchManager.h" />
    <ClInclude Include="APIWrappers\Resources\Buffers\CommandSignature.h">
      <Filter>APIWrappers\Resources\Buffers</Filter>
    </ClInclude>
    <ClInclude Include="APIWrappers\Swapchain.h">
      <Filter>APIWrappers</Filter>
    </ClInclude>
    <ClInclude Include="APIWrappers\Resources\ResourceTransition.h">
      <Filter>APIWrappers\Resources</Filter>
    </ClInclude>
    <ClInclude Include="APIWrappers\Resources\Textures\Views\DepthStencilView.h">
      <Filter>APIWrappers\Resources\Textures\Views</Filter>
    </ClInclude>
    <ClInclude Include="RenderPasses\GBufferRenderPass.h">
      <Filter>RenderPasses</Filter>
    </ClInclude>
    <ClInclude Include="RenderPasses\TransparentRenderPass.h">
      <Filter>RenderPasses</Filter>
    </ClInclude>
    <ClInclude Include="RenderPasses\UpdateRenderPass.h">
      <Filter>RenderPasses</Filter>
    </ClInclude>
    <ClInclude Include="RenderPasses\ZRenderPass.h">
      <Filter>RenderPasses</Filter>
    </ClInclude>
    <ClInclude Include="DebugHelpers\DebugRenderScope.h">
      <Filter>DebugHelpers</Filter>
    </ClInclude>
    <ClInclude Include="APIWrappers\ResourceHeap.h">
      <Filter>APIWrappers</Filter>
    </ClInclude>
    <ClInclude Include="Containers\Scene.h">
      <Filter>Containers</Filter>
    </ClInclude>
    <ClInclude Include="Containers\Streaming\SceneData.h">
      <Filter>Containers\Streaming</Filter>
    </ClInclude>
    <ClInclude Include="APIWrappers\Resources\Textures\Views\ShaderResourceView.h">
      <Filter>APIWrappers\Resources\Textures\Views</Filter>
    </ClInclude>
    <ClInclude Include="APIWrappers\Resources\Buffers\UploadBuffer.h">
      <Filter>APIWrappers\Resources\Buffers</Filter>
    </ClInclude>
    <ClInclude Include="RenderPasses\DebugOverlayPass.h">
      <Filter>RenderPasses</Filter>
    </ClInclude>
    <ClInclude Include="Contexts\FrameStats.h">
      <Filter>Contexts</Filter>
    </ClInclude>
    <ClInclude Include="RenderPasses\ReferenceRenderPass.h">
      <Filter>RenderPasses</Filter>
    </ClInclude>
    <ClInclude Include="RenderPasses\DeferredLightingPass.h">
      <Filter>RenderPasses</Filter>
    </ClInclude>
    <ClInclude Include="RenderPasses\ToneMappingPass.h">
      <Filter>RenderPasses</Filter>
    </ClInclude>
    <ClInclude Include="Containers\LightContainer.h">
      <Filter>Containers</Filter>
    </ClInclude>
    <ClInclude Include="RenderPasses\ShadowMapRenderPass.h">
      <Filter>RenderPasses</Filter>
    </ClInclude>
    <ClInclude Include="RenderPasses\DebugMeshRenderPass.h">
      <Filter>RenderPasses</Filter>
    </ClInclude>
    <ClInclude Include="RenderPasses\SkyBoxRenderPass.h">
      <Filter>RenderPasses</Filter>
    </ClInclude>
    <ClInclude Include="APIWrappers\PipelineState\PipelineStateParameters.h">
      <Filter>APIWrappers\PipelineState</Filter>
    </ClInclude>
    <ClInclude Include="APIWrappers\Raytracing\AccelerationStructure\BottomLevelAS.h">
      <Filter>APIWrappers\Raytracing\AccelerationStructure</Filter>
    </ClInclude>
    <ClInclude Include="APIWrappers\Raytracing\AccelerationStructure\TopLevelAS.h">
      <Filter>APIWrappers\Raytracing\AccelerationStructure</Filter>
    </ClInclude>
    <ClInclude Include="APIWrappers\Resources\Buffers\ReadbackBuffer.h">
      <Filter>APIWrappers\Resources\Buffers</Filter>
    </ClInclude>
    <ClInclude Include="RenderPasses\ReflectionRenderPass.h">
      <Filter>RenderPasses</Filter>
    </ClInclude>
    <ClInclude Include="APIWrappers\PipelineState\StateObject.h">
      <Filter>APIWrappers\PipelineState</Filter>
    </ClInclude>
    <ClInclude Include="APIWrappers\PipelineState\StateObjectParameters.h">
      <Filter>APIWrappers\PipelineState</Filter>
    </ClInclude>
    <ClInclude Include="Containers\ShaderTable.h">
      <Filter>Containers</Filter>
    </ClInclude>
    <ClInclude Include="APIWrappers\Resources\Textures\Views\UnorderedAccessView.h">
      <Filter>APIWrappers\Resources\Textures\Views</Filter>
    </ClInclude>
    <ClInclude Include="Containers\ResourceContainer.h">
      <Filter>Containers</Filter>
    </ClInclude>
    <ClInclude Include="Containers\HLSLSharedStructures.h">
      <Filter>Containers</Filter>
    </ClInclude>
    <ClInclude Include="Containers\TimestampContainer.h">
      <Filter>Containers</Filter>
    </ClInclude>
    <ClInclude Include="APIWrappers\Queries\QueryHeap.h">
      <Filter>APIWrappers\Queries</Filter>
    </ClInclude>
    <ClInclude Include="DebugHelpers\ImguiGraphHelper.h">
      <Filter>DebugHelpers</Filter>
    </ClInclude>
  </ItemGroup>
  <ItemGroup>
    <ClCompile Include="WindowManagement\WindowManager.cpp">
      <Filter>WindowManagement</Filter>
    </ClCompile>
    <ClCompile Include="APIWrappers\Factory.cpp">
      <Filter>APIWrappers</Filter>
    </ClCompile>
    <ClCompile Include="APIWrappers\Device.cpp">
      <Filter>APIWrappers</Filter>
    </ClCompile>
    <ClCompile Include="WindowManagement\WindowState.cpp">
      <Filter>WindowManagement</Filter>
    </ClCompile>
    <ClCompile Include="FeatureSupportHelper.cpp">
      <Filter>APIWrappers</Filter>
    </ClCompile>
    <ClCompile Include="APIWrappers\StateManager.cpp">
      <Filter>APIWrappers</Filter>
    </ClCompile>
    <ClCompile Include="APIWrappers\DescriptorHeap.cpp">
      <Filter>APIWrappers</Filter>
    </ClCompile>
    <ClCompile Include="APIWrappers\CommandList\CommandList.cpp">
      <Filter>APIWrappers\CommandList</Filter>
    </ClCompile>
    <ClCompile Include="APIWrappers\CommandList\CopyCommandList.cpp">
      <Filter>APIWrappers\CommandList</Filter>
    </ClCompile>
    <ClCompile Include="APIWrappers\CommandList\ComputeCommandList.cpp">
      <Filter>APIWrappers\CommandList</Filter>
    </ClCompile>
    <ClCompile Include="APIWrappers\CommandList\GraphicCommandList.cpp">
      <Filter>APIWrappers\CommandList</Filter>
    </ClCompile>
    <ClCompile Include="APIWrappers\CommandQueue\CommandQueue.cpp">
      <Filter>APIWrappers\CommandQueue</Filter>
    </ClCompile>
    <ClCompile Include="APIWrappers\CommandQueue\ComputeQueue.cpp">
      <Filter>APIWrappers\CommandQueue</Filter>
    </ClCompile>
    <ClCompile Include="APIWrappers\CommandQueue\CopyQueue.cpp">
      <Filter>APIWrappers\CommandQueue</Filter>
    </ClCompile>
    <ClCompile Include="APIWrappers\CommandQueue\GraphicQueue.cpp">
      <Filter>APIWrappers\CommandQueue</Filter>
    </ClCompile>
    <ClCompile Include="APIWrappers\CommandAllocator\GraphicCommandAllocator.cpp">
      <Filter>APIWrappers\CommandAllocator</Filter>
    </ClCompile>
    <ClCompile Include="APIWrappers\CommandAllocator\CommandAllocator.cpp">
      <Filter>APIWrappers\CommandAllocator</Filter>
    </ClCompile>
    <ClCompile Include="APIWrappers\CommandAllocator\ComputeCommandAllocator.cpp">
      <Filter>APIWrappers\CommandAllocator</Filter>
    </ClCompile>
    <ClCompile Include="APIWrappers\CommandAllocator\CopyCommandAllocator.cpp">
      <Filter>APIWrappers\CommandAllocator</Filter>
    </ClCompile>
    <ClCompile Include="APIWrappers\CommandList\CopyCommandListImpl.cpp">
      <Filter>APIWrappers\CommandList</Filter>
    </ClCompile>
    <ClCompile Include="APIWrappers\CommandList\ComputeCommandListImpl.cpp">
      <Filter>APIWrappers\CommandList</Filter>
    </ClCompile>
    <ClCompile Include="APIWrappers\CommandList\GraphicCommandListImpl.cpp">
      <Filter>APIWrappers\CommandList</Filter>
    </ClCompile>
    <ClCompile Include="APIWrappers\RenderDebug.cpp">
      <Filter>APIWrappers</Filter>
    </ClCompile>
    <ClCompile Include="APIWrappers\PipelineState\PipelineState.cpp">
      <Filter>APIWrappers\PipelineState</Filter>
    </ClCompile>
    <ClCompile Include="APIWrappers\PipelineState\ComputePipelineState.cpp">
      <Filter>APIWrappers\PipelineState</Filter>
    </ClCompile>
    <ClCompile Include="APIWrappers\PipelineState\GraphicPipelineState.cpp">
      <Filter>APIWrappers\PipelineState</Filter>
    </ClCompile>
    <ClCompile Include="WindowManagement\DisplayController.cpp">
      <Filter>WindowManagement</Filter>
    </ClCompile>
    <ClCompile Include="RenderBackendImpl.cpp" />
    <ClCompile Include="stdafx.cpp" />
    <ClCompile Include="APIWrappers\Fence.cpp">
      <Filter>APIWrappers</Filter>
    </ClCompile>
    <ClCompile Include="APIWrappers\InputLayout.cpp">
      <Filter>APIWrappers</Filter>
    </ClCompile>
    <ClCompile Include="APIWrappers\RootSignature.cpp">
      <Filter>APIWrappers</Filter>
    </ClCompile>
    <ClCompile Include="APIWrappers\Resources\Textures\Texture.cpp">
      <Filter>APIWrappers\Resources\Textures</Filter>
    </ClCompile>
    <ClCompile Include="APIWrappers\Resources\Resource.cpp">
      <Filter>APIWrappers\Resources</Filter>
    </ClCompile>
    <ClCompile Include="APIWrappers\Resources\Textures\Texture2D.cpp">
      <Filter>APIWrappers\Resources\Textures</Filter>
    </ClCompile>
    <ClCompile Include="APIWrappers\Resources\Textures\Views\RenderTargetView.cpp">
      <Filter>APIWrappers\Resources\Textures\Views</Filter>
    </ClCompile>
    <ClCompile Include="APIWrappers\Resources\Buffers\Buffer.cpp">
      <Filter>APIWrappers\Resources\Buffers</Filter>
    </ClCompile>
    <ClCompile Include="APIWrappers\Resources\Buffers\Views\VertexBufferView.cpp">
      <Filter>APIWrappers\Resources\Buffers\Views</Filter>
    </ClCompile>
    <ClCompile Include="RenderSchedule\RenderSchedule.cpp">
      <Filter>RenderSchedule</Filter>
    </ClCompile>
    <ClCompile Include="RenderSchedule\ResourceTracker.cpp">
      <Filter>RenderSchedule</Filter>
    </ClCompile>
    <ClCompile Include="RenderPasses\DebugRenderPass.cpp">
      <Filter>RenderPasses</Filter>
    </ClCompile>
    <ClCompile Include="RenderPasses\PresentPass.cpp">
      <Filter>RenderPasses</Filter>
    </ClCompile>
    <ClCompile Include="Contexts\RenderThreadContext.cpp">
      <Filter>Contexts</Filter>
    </ClCompile>
    <ClCompile Include="Contexts\RenderFrameContext.cpp">
      <Filter>Contexts</Filter>
    </ClCompile>
    <ClCompile Include="Contexts\RenderEngineContext.cpp">
      <Filter>Contexts</Filter>
    </ClCompile>
    <ClCompile Include="Contexts\RenderContext.cpp">
      <Filter>Contexts</Filter>
    </ClCompile>
    <ClCompile Include="APIWrappers\Resources\Buffers\Views\ConstantBufferView.cpp">
      <Filter>APIWrappers\Resources\Buffers\Views</Filter>
    </ClCompile>
    <ClCompile Include="APIWrappers\Resources\Buffers\Views\IndexBufferView.cpp">
      <Filter>APIWrappers\Resources\Buffers\Views</Filter>
    </ClCompile>
    <ClCompile Include="RenderPasses\Debug3DRenderPass.cpp">
      <Filter>RenderPasses</Filter>
    </ClCompile>
    <ClCompile Include="RenderBackend.cpp" />
    <ClCompile Include="Camera.cpp" />
    <ClCompile Include="BatchManager.cpp" />
    <ClCompile Include="APIWrappers\Resources\Buffers\CommandSignature.cpp">
      <Filter>APIWrappers\Resources\Buffers</Filter>
    </ClCompile>
    <ClCompile Include="APIWrappers\Swapchain.cpp">
      <Filter>APIWrappers</Filter>
    </ClCompile>
    <ClCompile Include="APIWrappers\Resources\ResourceTransition.cpp">
      <Filter>APIWrappers\Resources</Filter>
    </ClCompile>
    <ClCompile Include="APIWrappers\Resources\Textures\Views\DepthStencilView.cpp">
      <Filter>APIWrappers\Resources\Textures\Views</Filter>
    </ClCompile>
    <ClCompile Include="RenderPasses\GBufferRenderPass.cpp">
      <Filter>RenderPasses</Filter>
    </ClCompile>
    <ClCompile Include="RenderPasses\TransparentRenderPass.cpp">
      <Filter>RenderPasses</Filter>
    </ClCompile>
    <ClCompile Include="RenderPasses\UpdateRenderPass.cpp">
      <Filter>RenderPasses</Filter>
    </ClCompile>
    <ClCompile Include="RenderPasses\ZRenderPass.cpp">
      <Filter>RenderPasses</Filter>
    </ClCompile>
    <ClCompile Include="DebugHelpers\DebugRenderScope.cpp">
      <Filter>DebugHelpers</Filter>
    </ClCompile>
    <ClCompile Include="APIWrappers\ResourceHeap.cpp">
      <Filter>APIWrappers</Filter>
    </ClCompile>
    <ClCompile Include="Containers\Scene.cpp">
      <Filter>Containers</Filter>
    </ClCompile>
    <ClCompile Include="Containers\Streaming\SceneData.cpp">
      <Filter>Containers\Streaming</Filter>
    </ClCompile>
    <ClCompile Include="APIWrappers\Resources\Textures\Views\ShaderResourceView.cpp">
      <Filter>APIWrappers\Resources\Textures\Views</Filter>
    </ClCompile>
    <ClCompile Include="APIWrappers\Resources\Buffers\UploadBuffer.cpp">
      <Filter>APIWrappers\Resources\Buffers</Filter>
    </ClCompile>
    <ClCompile Include="RenderPasses\DebugOverlayPass.cpp">
      <Filter>RenderPasses</Filter>
    </ClCompile>
    <ClCompile Include="Contexts\FrameStats.cpp">
      <Filter>Contexts</Filter>
    </ClCompile>
    <ClCompile Include="RenderPasses\ReferenceRenderPass.cpp">
      <Filter>RenderPasses</Filter>
    </ClCompile>
    <ClCompile Include="RenderPasses\DeferredLightingPass.cpp">
      <Filter>RenderPasses</Filter>
    </ClCompile>
    <ClCompile Include="RenderPasses\ToneMappingPass.cpp">
      <Filter>RenderPasses</Filter>
    </ClCompile>
    <ClCompile Include="RenderPasses\ShadowMapRenderPass.cpp">
      <Filter>RenderPasses</Filter>
    </ClCompile>
    <ClCompile Include="Containers\LightContainer.cpp">
      <Filter>Containers</Filter>
    </ClCompile>
    <ClCompile Include="RenderPasses\DebugMeshRenderPass.cpp">
      <Filter>RenderPasses</Filter>
    </ClCompile>
    <ClCompile Include="RenderPasses\SkyBoxRenderPass.cpp">
      <Filter>RenderPasses</Filter>
    </ClCompile>
    <ClCompile Include="APIWrappers\Raytracing\AccelerationStructure\BottomLevelAS.cpp">
      <Filter>APIWrappers\Raytracing\AccelerationStructure</Filter>
    </ClCompile>
    <ClCompile Include="APIWrappers\Raytracing\AccelerationStructure\TopLevelAS.cpp">
      <Filter>APIWrappers\Raytracing\AccelerationStructure</Filter>
    </ClCompile>
    <ClCompile Include="APIWrappers\Resources\Buffers\ReadbackBuffer.cpp">
      <Filter>APIWrappers\Resources\Buffers</Filter>
    </ClCompile>
    <ClCompile Include="RenderPasses\ReflectionRenderPass.cpp">
      <Filter>RenderPasses</Filter>
    </ClCompile>
    <ClCompile Include="APIWrappers\PipelineState\StateObject.cpp">
      <Filter>APIWrappers\PipelineState</Filter>
    </ClCompile>
    <ClCompile Include="Containers\ShaderTable.cpp">
      <Filter>Containers</Filter>
    </ClCompile>
    <ClCompile Include="APIWrappers\Resources\Textures\Views\UnorderedAccessView.cpp">
      <Filter>APIWrappers\Resources\Textures\Views</Filter>
    </ClCompile>
    <ClCompile Include="Containers\ResourceContainer.cpp">
      <Filter>Containers</Filter>
    </ClCompile>
    <ClCompile Include="Containers\TimestampContainer.cpp">
      <Filter>Containers</Filter>
    </ClCompile>
    <ClCompile Include="APIWrappers\Queries\QueryHeap.cpp">
      <Filter>APIWrappers\Queries</Filter>
    </ClCompile>
    <ClCompile Include="DebugHelpers\ImguiGraphHelper.cpp">
      <Filter>DebugHelpers</Filter>
    </ClCompile>
  </ItemGroup>
  <ItemGroup>
    <FxCompile Include="Shaders\RootSig.hlsl">
      <Filter>Shaders</Filter>
    </FxCompile>
    <FxCompile Include="Shaders\DebugPass\DebugPassVertexShader.hlsl">
      <Filter>Shaders\DebugPass</Filter>
    </FxCompile>
    <FxCompile Include="Shaders\DebugPass\DebugPassPixelShader.hlsl">
      <Filter>Shaders\DebugPass</Filter>
    </FxCompile>
    <FxCompile Include="Shaders\Debug3DPass\Debug3DPassVertexShader.hlsl">
      <Filter>Shaders\Debug3DPass</Filter>
    </FxCompile>
    <FxCompile Include="Shaders\Debug3DPass\Debug3DPassPixelShader.hlsl">
      <Filter>Shaders\Debug3DPass</Filter>
    </FxCompile>
    <FxCompile Include="Shaders\GBufferPass\GBufferPassPixelShader.hlsl">
      <Filter>Shaders\GBufferPass</Filter>
    </FxCompile>
    <FxCompile Include="Shaders\TransparentPass\TransparentPassPixelShader.hlsl">
      <Filter>Shaders\TransparentPass</Filter>
    </FxCompile>
    <FxCompile Include="Shaders\FullScreen\FullScreenVS.hlsl">
      <Filter>Shaders\FullScreen</Filter>
    </FxCompile>
    <FxCompile Include="Shaders\DeferredLightingPass\DeferredLightingPassPS.hlsl">
      <Filter>Shaders\DeferredLightingPass</Filter>
    </FxCompile>
    <FxCompile Include="Shaders\ToneMappingPass\ToneMappingPassPS.hlsl">
      <Filter>Shaders\ToneMappingPass</Filter>
    </FxCompile>
    <FxCompile Include="Shaders\MeshShaders\SimpleMeshShader.hlsl">
      <Filter>Shaders\MeshShaders</Filter>
    </FxCompile>
    <FxCompile Include="Shaders\MeshShaders\SimpleAmplificationShader.hlsl">
      <Filter>Shaders\MeshShaders</Filter>
    </FxCompile>
    <FxCompile Include="Shaders\ShadowMapPass\ShadowMapPassMeshShader.hlsl">
      <Filter>Shaders\ShadowMapPass</Filter>
    </FxCompile>
    <FxCompile Include="Shaders\MeshShaders\AmplificationShader.hlsl">
      <Filter>Shaders\MeshShaders</Filter>
    </FxCompile>
    <FxCompile Include="Shaders\MeshShaders\MeshShader.hlsl">
      <Filter>Shaders\MeshShaders</Filter>
    </FxCompile>
    <FxCompile Include="Shaders\DebugMeshPass\DebugMeshPassPixelShader.hlsl">
      <Filter>Shaders\DebugMeshPass</Filter>
    </FxCompile>
    <FxCompile Include="Shaders\DebugMeshPass\DebugMeshPassMeshShader.hlsl">
      <Filter>Shaders\DebugMeshPass</Filter>
    </FxCompile>
    <FxCompile Include="Shaders\ShadowMapPass\ShadowMapAmplificationShader.hlsl">
      <Filter>Shaders\ShadowMapPass</Filter>
    </FxCompile>
    <FxCompile Include="Shaders\SkyBoxPass\SkyBoxPassPixelShader.hlsl">
      <Filter>Shaders\SkyBoxPass</Filter>
    </FxCompile>
    <FxCompile Include="Shaders\ReflectionPass\ReflectionPassLib.hlsl">
      <Filter>Shaders\ReflectionPass</Filter>
    </FxCompile>
  </ItemGroup>
  <ItemGroup>
    <None Include="Shaders\DebugPass\DebugPassShadersCommon.hlsli">
      <Filter>Shaders\DebugPass</Filter>
    </None>
    <None Include="Shaders\Debug3DPass\Debug3DPassShadersCommon.hlsli">
      <Filter>Shaders\Debug3DPass</Filter>
    </None>
    <None Include="Shaders\Common.hlsli">
      <Filter>Shaders</Filter>
    </None>
    <None Include="Shaders\FullScreen\FullScreenCommon.hlsli">
      <Filter>Shaders\FullScreen</Filter>
    </None>
    <None Include="Shaders\Color.hlsli">
      <Filter>Shaders</Filter>
    </None>
    <None Include="packages.config" />
    <None Include="Shaders\MeshCommon.hlsli">
      <Filter>Shaders</Filter>
    </None>
    <None Include="Shaders\DebugMeshPass\DebugMeshPassShadersCommon.hlsli">
      <Filter>Shaders\DebugMeshPass</Filter>
    </None>
    <None Include="Shaders\ShadowMapPass\ShadowMapShadersCommon.hlsli">
      <Filter>Shaders\ShadowMapPass</Filter>
    </None>
    <None Include="Shaders\TransformCommon.hlsli">
      <Filter>Shaders</Filter>
    </None>
    <None Include="Shaders\ResourceBindings.hlsli">
      <Filter>Shaders</Filter>
    </None>
    <None Include="Shaders\CppShared.hlsli">
      <Filter>Shaders</Filter>
    </None>
    <None Include="Shaders\LightingLibrary\Lighting.hlsli">
      <Filter>Shaders\LightingLibrary</Filter>
    </None>
  </ItemGroup>
</Project>