<?xml version="1.0" encoding="utf-8"?>
<Project ToolsVersion="4.0" xmlns="http://schemas.microsoft.com/developer/msbuild/2003">
  <ItemGroup>
    <Filter Include="DebugHelpers">
      <UniqueIdentifier>{d84d0ff2-dc77-456d-8766-3b575966a676}</UniqueIdentifier>
    </Filter>
    <Filter Include="Structures">
      <UniqueIdentifier>{15a5f86e-cc39-49bf-87b6-616d2b1f5f63}</UniqueIdentifier>
    </Filter>
  </ItemGroup>
  <ItemGroup>
    <ClInclude Include="Structures\MemoryBlock.h">
      <Filter>Structures</Filter>
    </ClInclude>
    <ClInclude Include="SolutionConfig.h" />
    <ClInclude Include="SolutionHelpers.h" />
    <ClInclude Include="stdafx.h" />
    <ClInclude Include="Structures\Vector.h">
      <Filter>Structures</Filter>
    </ClInclude>
    <ClInclude Include="Structures\Matrix.h">
      <Filter>Structures</Filter>
    </ClInclude>
    <ClInclude Include="DebugHelpers\DebugFileReader.h">
      <Filter>DebugHelpers</Filter>
    </ClInclude>
    <ClInclude Include="DebugHelpers\DebugFileWriter.h">
      <Filter>DebugHelpers</Filter>
    </ClInclude>
    <ClInclude Include="DebugHelpers\DebugTimer.h">
      <Filter>DebugHelpers</Filter>
    </ClInclude>
    <ClInclude Include="DebugHelpers\DebugOutputStream.h">
      <Filter>DebugHelpers</Filter>
    </ClInclude>
    <ClInclude Include="DebugHelpers\DebugProfileTimer.h">
      <Filter>DebugHelpers</Filter>
    </ClInclude>
    <ClInclude Include="Structures\AABB.h">
      <Filter>Structures</Filter>
    </ClInclude>
    <ClInclude Include="Structures\Frustum.h">
      <Filter>Structures</Filter>
    </ClInclude>
    <ClInclude Include="Structures\VectorSSE.h">
      <Filter>Structures</Filter>
    </ClInclude>
    <ClInclude Include="Structures\Sphere.h">
      <Filter>Structures</Filter>
    </ClInclude>
  </ItemGroup>
  <ItemGroup>
    <ClCompile Include="stdafx.cpp" />
    <ClCompile Include="Structures\Matrix.cpp">
      <Filter>Structures</Filter>
    </ClCompile>
    <ClCompile Include="DebugHelpers\DebugFileReader.cpp">
      <Filter>DebugHelpers</Filter>
    </ClCompile>
    <ClCompile Include="DebugHelpers\DebugFileWriter.cpp">
      <Filter>DebugHelpers</Filter>
    </ClCompile>
    <ClCompile Include="DebugHelpers\DebugTimer.cpp">
      <Filter>DebugHelpers</Filter>
    </ClCompile>
    <ClCompile Include="DebugHelpers\DebugOutputStream.cpp">
      <Filter>DebugHelpers</Filter>
    </ClCompile>
    <ClCompile Include="DebugHelpers\DebugProfileTimer.cpp">
      <Filter>DebugHelpers</Filter>
    </ClCompile>
    <ClCompile Include="Structures\AABB.cpp">
      <Filter>Structures</Filter>
    </ClCompile>
    <ClCompile Include="Structures\Frustum.cpp">
      <Filter>Structures</Filter>
    </ClCompile>
    <ClCompile Include="Structures\VectorSSE.cpp">
      <Filter>Structures</Filter>
    </ClCompile>
    <ClCompile Include="Structures\Sphere.cpp">
      <Filter>Structures</Filter>
    </ClCompile>
  </ItemGroup>
</Project>